
Microsoft Visual Studio Solution File, Format Version 12.00
# Visual Studio Version 17
VisualStudioVersion = 17.14.36301.6 d17.14
MinimumVisualStudioVersion = 10.0.40219.1
Project("{FAE04EC0-301F-11D3-BF4B-00C04F79EFBC}") = "ConsoleApp1", "ConsoleApp1\ConsoleApp1.csproj", "{E0403AD1-EF91-4D3C-AC7E-1092D4AA11B6}"
EndProject
Global
	GlobalSection(SolutionConfigurationPlatforms) = preSolution
		Debug|Any CPU = Debug|Any CPU
		Release|Any CPU = Release|Any CPU
	EndGlobalSection
	GlobalSection(ProjectConfigurationPlatforms) = postSolution
		{E0403AD1-EF91-4D3C-AC7E-1092D4AA11B6}.Debug|Any CPU.ActiveCfg = Debug|Any CPU
		{E0403AD1-EF91-4D3C-AC7E-1092D4AA11B6}.Debug|Any CPU.Build.0 = Debug|Any CPU
		{E0403AD1-EF91-4D3C-AC7E-1092D4AA11B6}.Release|Any CPU.ActiveCfg = Release|Any CPU
		{E0403AD1-EF91-4D3C-AC7E-1092D4AA11B6}.Release|Any CPU.Build.0 = Release|Any CPU
	EndGlobalSection
	GlobalSection(SolutionProperties) = preSolution
		HideSolutionNode = FALSE
	EndGlobalSection
	GlobalSection(ExtensibilityGlobals) = postSolution
		SolutionGuid = {5E5BB068-0E8F-4004-8454-26CC90A652BD}
	EndGlobalSection
EndGlobal
